
Microsoft Visual Studio Solution File, Format Version 12.00
# Visual Studio Version 17
VisualStudioVersion = 17.8.34309.116
MinimumVisualStudioVersion = 10.0.40219.1
Project("{FAE04EC0-301F-11D3-BF4B-00C04F79EFBC}") = "GoodBadHabitsTracker.API", "GoodBadHabitsTracker.API\GoodBadHabitsTracker.API.csproj", "{724D79A5-DE8B-4FAC-B052-EF5DD58790D9}"
EndProject
Project("{FAE04EC0-301F-11D3-BF4B-00C04F79EFBC}") = "GoodBadHabitsTracker.Infrastructure", "GoodBadHabitsTracker.Infrastructure\GoodBadHabitsTracker.Infrastructure.csproj", "{EC1BEC09-FF93-45CD-9063-FB9A64D6977D}"
EndProject
Project("{FAE04EC0-301F-11D3-BF4B-00C04F79EFBC}") = "GoodBadHabitsTracker.Core", "GoodBadHabitsTracker.Core\GoodBadHabitsTracker.Core.csproj", "{951AF693-0822-46D7-BD0D-6EC8475E4E02}"
EndProject
Global
	GlobalSection(SolutionConfigurationPlatforms) = preSolution
		Debug|Any CPU = Debug|Any CPU
		Release|Any CPU = Release|Any CPU
	EndGlobalSection
	GlobalSection(ProjectConfigurationPlatforms) = postSolution
		{724D79A5-DE8B-4FAC-B052-EF5DD58790D9}.Debug|Any CPU.ActiveCfg = Debug|Any CPU
		{724D79A5-DE8B-4FAC-B052-EF5DD58790D9}.Debug|Any CPU.Build.0 = Debug|Any CPU
		{724D79A5-DE8B-4FAC-B052-EF5DD58790D9}.Release|Any CPU.ActiveCfg = Release|Any CPU
		{724D79A5-DE8B-4FAC-B052-EF5DD58790D9}.Release|Any CPU.Build.0 = Release|Any CPU
		{EC1BEC09-FF93-45CD-9063-FB9A64D6977D}.Debug|Any CPU.ActiveCfg = Debug|Any CPU
		{EC1BEC09-FF93-45CD-9063-FB9A64D6977D}.Debug|Any CPU.Build.0 = Debug|Any CPU
		{EC1BEC09-FF93-45CD-9063-FB9A64D6977D}.Release|Any CPU.ActiveCfg = Release|Any CPU
		{EC1BEC09-FF93-45CD-9063-FB9A64D6977D}.Release|Any CPU.Build.0 = Release|Any CPU
		{951AF693-0822-46D7-BD0D-6EC8475E4E02}.Debug|Any CPU.ActiveCfg = Debug|Any CPU
		{951AF693-0822-46D7-BD0D-6EC8475E4E02}.Debug|Any CPU.Build.0 = Debug|Any CPU
		{951AF693-0822-46D7-BD0D-6EC8475E4E02}.Release|Any CPU.ActiveCfg = Release|Any CPU
		{951AF693-0822-46D7-BD0D-6EC8475E4E02}.Release|Any CPU.Build.0 = Release|Any CPU
	EndGlobalSection
	GlobalSection(SolutionProperties) = preSolution
		HideSolutionNode = FALSE
	EndGlobalSection
	GlobalSection(ExtensibilityGlobals) = postSolution
		SolutionGuid = {6D09B775-69C2-4710-8DB6-C05ADC025BB6}
	EndGlobalSection
EndGlobal
